
Microsoft Visual Studio Solution File, Format Version 12.00
# Visual Studio 15
VisualStudioVersion = 15.0.26730.12
MinimumVisualStudioVersion = 10.0.40219.1
Project("{FAE04EC0-301F-11D3-BF4B-00C04F79EFBC}") = "Lab27Register", "Lab27Register\Lab27Register.csproj", "{CE9FE802-CA77-4A67-AC8B-BBB8228BCBBD}"
EndProject
Global
	GlobalSection(SolutionConfigurationPlatforms) = preSolution
		Debug|Any CPU = Debug|Any CPU
		Release|Any CPU = Release|Any CPU
	EndGlobalSection
	GlobalSection(ProjectConfigurationPlatforms) = postSolution
		{CE9FE802-CA77-4A67-AC8B-BBB8228BCBBD}.Debug|Any CPU.ActiveCfg = Debug|Any CPU
		{CE9FE802-CA77-4A67-AC8B-BBB8228BCBBD}.Debug|Any CPU.Build.0 = Debug|Any CPU
		{CE9FE802-CA77-4A67-AC8B-BBB8228BCBBD}.Release|Any CPU.ActiveCfg = Release|Any CPU
		{CE9FE802-CA77-4A67-AC8B-BBB8228BCBBD}.Release|Any CPU.Build.0 = Release|Any CPU
	EndGlobalSection
	GlobalSection(SolutionProperties) = preSolution
		HideSolutionNode = FALSE
	EndGlobalSection
	GlobalSection(ExtensibilityGlobals) = postSolution
		SolutionGuid = {F9630203-6E4F-4BD9-879C-54F485058ADF}
	EndGlobalSection
EndGlobal
